// !$*UTF8*$!
{
	archiveVersion = 1;
	classes = {
	};
	objectVersion = 46;
	objects = {

/* Begin PBXBuildFile section */
		9F091A6D1A48190300FD588F /* main.cpp in Sources */ = {isa = PBXBuildFile; fileRef = 9F091A6C1A48190300FD588F /* main.cpp */; };
		9F091A741A481AE700FD588F /* libtbb.dylib in Frameworks */ = {isa = PBXBuildFile; fileRef = 9F091A731A481AE700FD588F /* libtbb.dylib */; };
		9F091A761A481B0D00FD588F /* libmpi_cxx.1.dylib in Frameworks */ = {isa = PBXBuildFile; fileRef = 9F091A751A481B0D00FD588F /* libmpi_cxx.1.dylib */; };
		9F091A781A481B3000FD588F /* libmpi.1.dylib in Frameworks */ = {isa = PBXBuildFile; fileRef = 9F091A771A481B3000FD588F /* libmpi.1.dylib */; };
		9F091A791A481B5200FD588F /* libtbb.dylib in CopyFiles */ = {isa = PBXBuildFile; fileRef = 9F091A731A481AE700FD588F /* libtbb.dylib */; };
		9F091A7A1A481B5700FD588F /* libmpi_cxx.1.dylib in CopyFiles */ = {isa = PBXBuildFile; fileRef = 9F091A751A481B0D00FD588F /* libmpi_cxx.1.dylib */; };
		9F091A7B1A481B5B00FD588F /* libmpi.1.dylib in CopyFiles */ = {isa = PBXBuildFile; fileRef = 9F091A771A481B3000FD588F /* libmpi.1.dylib */; };
		9F091A7D1A481BEC00FD588F /* langford_solver.cpp in Sources */ = {isa = PBXBuildFile; fileRef = 9F091A7C1A481BEC00FD588F /* langford_solver.cpp */; };
/* End PBXBuildFile section */

/* Begin PBXCopyFilesBuildPhase section */
		9F091A671A48190300FD588F /* CopyFiles */ = {
			isa = PBXCopyFilesBuildPhase;
			buildActionMask = 12;
			dstPath = "";
			dstSubfolderSpec = 16;
			files = (
				9F091A7B1A481B5B00FD588F /* libmpi.1.dylib in CopyFiles */,
				9F091A7A1A481B5700FD588F /* libmpi_cxx.1.dylib in CopyFiles */,
				9F091A791A481B5200FD588F /* libtbb.dylib in CopyFiles */,
			);
			runOnlyForDeploymentPostprocessing = 0;
		};
/* End PBXCopyFilesBuildPhase section */

/* Begin PBXFileReference section */
		9F091A691A48190300FD588F /* distributed_langford_pairing */ = {isa = PBXFileReference; explicitFileType = "compiled.mach-o.executable"; includeInIndex = 0; path = distributed_langford_pairing; sourceTree = BUILT_PRODUCTS_DIR; };
		9F091A6C1A48190300FD588F /* main.cpp */ = {isa = PBXFileReference; lastKnownFileType = sourcecode.cpp.cpp; path = main.cpp; sourceTree = "<group>"; };
		9F091A731A481AE700FD588F /* libtbb.dylib */ = {isa = PBXFileReference; lastKnownFileType = "compiled.mach-o.dylib"; name = libtbb.dylib; path = tbb43_20140724oss/lib/libtbb.dylib; sourceTree = "<group>"; };
		9F091A751A481B0D00FD588F /* libmpi_cxx.1.dylib */ = {isa = PBXFileReference; lastKnownFileType = "compiled.mach-o.dylib"; name = libmpi_cxx.1.dylib; path = "../../../../usr/local/Cellar/open-mpi/1.8.3/lib/libmpi_cxx.1.dylib"; sourceTree = "<group>"; };
		9F091A771A481B3000FD588F /* libmpi.1.dylib */ = {isa = PBXFileReference; lastKnownFileType = "compiled.mach-o.dylib"; name = libmpi.1.dylib; path = "../../../../usr/local/Cellar/open-mpi/1.8.3/lib/libmpi.1.dylib"; sourceTree = "<group>"; };
		9F091A7C1A481BEC00FD588F /* langford_solver.cpp */ = {isa = PBXFileReference; fileEncoding = 4; lastKnownFileType = sourcecode.cpp.cpp; path = langford_solver.cpp; sourceTree = "<group>"; };
		9F091A7E1A481BF700FD588F /* langford_solver.h */ = {isa = PBXFileReference; lastKnownFileType = sourcecode.c.h; path = langford_solver.h; sourceTree = "<group>"; };
/* End PBXFileReference section */

/* Begin PBXFrameworksBuildPhase section */
		9F091A661A48190300FD588F /* Frameworks */ = {
			isa = PBXFrameworksBuildPhase;
			buildActionMask = 2147483647;
			files = (
				9F091A781A481B3000FD588F /* libmpi.1.dylib in Frameworks */,
				9F091A761A481B0D00FD588F /* libmpi_cxx.1.dylib in Frameworks */,
				9F091A741A481AE700FD588F /* libtbb.dylib in Frameworks */,
			);
			runOnlyForDeploymentPostprocessing = 0;
		};
/* End PBXFrameworksBuildPhase section */

/* Begin PBXGroup section */
		9F091A601A48190300FD588F = {
			isa = PBXGroup;
			children = (
				9F091A771A481B3000FD588F /* libmpi.1.dylib */,
				9F091A751A481B0D00FD588F /* libmpi_cxx.1.dylib */,
				9F091A731A481AE700FD588F /* libtbb.dylib */,
				9F091A6B1A48190300FD588F /* distributed_langford_pairing */,
				9F091A6A1A48190300FD588F /* Products */,
			);
			sourceTree = "<group>";
		};
		9F091A6A1A48190300FD588F /* Products */ = {
			isa = PBXGroup;
			children = (
				9F091A691A48190300FD588F /* distributed_langford_pairing */,
			);
			name = Products;
			sourceTree = "<group>";
		};
		9F091A6B1A48190300FD588F /* distributed_langford_pairing */ = {
			isa = PBXGroup;
			children = (
				9F091A6C1A48190300FD588F /* main.cpp */,
				9F091A7E1A481BF700FD588F /* langford_solver.h */,
				9F091A7C1A481BEC00FD588F /* langford_solver.cpp */,
			);
			path = distributed_langford_pairing;
			sourceTree = "<group>";
		};
/* End PBXGroup section */

/* Begin PBXNativeTarget section */
		9F091A681A48190300FD588F /* distributed_langford_pairing */ = {
			isa = PBXNativeTarget;
			buildConfigurationList = 9F091A701A48190300FD588F /* Build configuration list for PBXNativeTarget "distributed_langford_pairing" */;
			buildPhases = (
				9F091A651A48190300FD588F /* Sources */,
				9F091A661A48190300FD588F /* Frameworks */,
				9F091A671A48190300FD588F /* CopyFiles */,
			);
			buildRules = (
			);
			dependencies = (
			);
			name = distributed_langford_pairing;
			productName = distributed_langford_pairing;
			productReference = 9F091A691A48190300FD588F /* distributed_langford_pairing */;
			productType = "com.apple.product-type.tool";
		};
/* End PBXNativeTarget section */

/* Begin PBXProject section */
		9F091A611A48190300FD588F /* Project object */ = {
			isa = PBXProject;
			attributes = {
				LastUpgradeCheck = 0610;
				ORGANIZATIONNAME = "Gerloff, Christian";
				TargetAttributes = {
					9F091A681A48190300FD588F = {
						CreatedOnToolsVersion = 6.1;
					};
				};
			};
			buildConfigurationList = 9F091A641A48190300FD588F /* Build configuration list for PBXProject "distributed_langford_pairing" */;
			compatibilityVersion = "Xcode 3.2";
			developmentRegion = English;
			hasScannedForEncodings = 0;
			knownRegions = (
				en,
			);
			mainGroup = 9F091A601A48190300FD588F;
			productRefGroup = 9F091A6A1A48190300FD588F /* Products */;
			projectDirPath = "";
			projectRoot = "";
			targets = (
				9F091A681A48190300FD588F /* distributed_langford_pairing */,
			);
		};
/* End PBXProject section */

/* Begin PBXSourcesBuildPhase section */
		9F091A651A48190300FD588F /* Sources */ = {
			isa = PBXSourcesBuildPhase;
			buildActionMask = 2147483647;
			files = (
				9F091A6D1A48190300FD588F /* main.cpp in Sources */,
				9F091A7D1A481BEC00FD588F /* langford_solver.cpp in Sources */,
			);
			runOnlyForDeploymentPostprocessing = 0;
		};
/* End PBXSourcesBuildPhase section */

/* Begin XCBuildConfiguration section */
		9F091A6E1A48190300FD588F /* Debug */ = {
			isa = XCBuildConfiguration;
			buildSettings = {
				ALWAYS_SEARCH_USER_PATHS = NO;
				CLANG_CXX_LANGUAGE_STANDARD = "gnu++0x";
				CLANG_CXX_LIBRARY = "libc++";
				CLANG_ENABLE_MODULES = YES;
				CLANG_ENABLE_OBJC_ARC = YES;
				CLANG_WARN_BOOL_CONVERSION = YES;
				CLANG_WARN_CONSTANT_CONVERSION = YES;
				CLANG_WARN_DIRECT_OBJC_ISA_USAGE = YES_ERROR;
				CLANG_WARN_EMPTY_BODY = YES;
				CLANG_WARN_ENUM_CONVERSION = YES;
				CLANG_WARN_INT_CONVERSION = YES;
				CLANG_WARN_OBJC_ROOT_CLASS = YES_ERROR;
				CLANG_WARN_UNREACHABLE_CODE = YES;
				CLANG_WARN__DUPLICATE_METHOD_MATCH = YES;
				COPY_PHASE_STRIP = NO;
				ENABLE_STRICT_OBJC_MSGSEND = YES;
				GCC_C_LANGUAGE_STANDARD = gnu99;
				GCC_DYNAMIC_NO_PIC = NO;
				GCC_OPTIMIZATION_LEVEL = 0;
				GCC_PREPROCESSOR_DEFINITIONS = (
					"DEBUG=1",
					"$(inherited)",
				);
				GCC_SYMBOLS_PRIVATE_EXTERN = NO;
				GCC_WARN_64_TO_32_BIT_CONVERSION = YES;
				GCC_WARN_ABOUT_RETURN_TYPE = YES_ERROR;
				GCC_WARN_UNDECLARED_SELECTOR = YES;
				GCC_WARN_UNINITIALIZED_AUTOS = YES_AGGRESSIVE;
				GCC_WARN_UNUSED_FUNCTION = YES;
				GCC_WARN_UNUSED_VARIABLE = YES;
				MACOSX_DEPLOYMENT_TARGET = 10.9;
				MTL_ENABLE_DEBUG_INFO = YES;
				ONLY_ACTIVE_ARCH = YES;
				SDKROOT = macosx;
			};
			name = Debug;
		};
		9F091A6F1A48190300FD588F /* Release */ = {
			isa = XCBuildConfiguration;
			buildSettings = {
				ALWAYS_SEARCH_USER_PATHS = NO;
				CLANG_CXX_LANGUAGE_STANDARD = "gnu++0x";
				CLANG_CXX_LIBRARY = "libc++";
				CLANG_ENABLE_MODULES = YES;
				CLANG_ENABLE_OBJC_ARC = YES;
				CLANG_WARN_BOOL_CONVERSION = YES;
				CLANG_WARN_CONSTANT_CONVERSION = YES;
				CLANG_WARN_DIRECT_OBJC_ISA_USAGE = YES_ERROR;
				CLANG_WARN_EMPTY_BODY = YES;
				CLANG_WARN_ENUM_CONVERSION = YES;
				CLANG_WARN_INT_CONVERSION = YES;
				CLANG_WARN_OBJC_ROOT_CLASS = YES_ERROR;
				CLANG_WARN_UNREACHABLE_CODE = YES;
				CLANG_WARN__DUPLICATE_METHOD_MATCH = YES;
				COPY_PHASE_STRIP = YES;
				DEBUG_INFORMATION_FORMAT = "dwarf-with-dsym";
				ENABLE_NS_ASSERTIONS = NO;
				ENABLE_STRICT_OBJC_MSGSEND = YES;
				GCC_C_LANGUAGE_STANDARD = gnu99;
				GCC_WARN_64_TO_32_BIT_CONVERSION = YES;
				GCC_WARN_ABOUT_RETURN_TYPE = YES_ERROR;
				GCC_WARN_UNDECLARED_SELECTOR = YES;
				GCC_WARN_UNINITIALIZED_AUTOS = YES_AGGRESSIVE;
				GCC_WARN_UNUSED_FUNCTION = YES;
				GCC_WARN_UNUSED_VARIABLE = YES;
				MACOSX_DEPLOYMENT_TARGET = 10.9;
				MTL_ENABLE_DEBUG_INFO = NO;
				SDKROOT = macosx;
			};
			name = Release;
		};
		9F091A711A48190300FD588F /* Debug */ = {
			isa = XCBuildConfiguration;
			buildSettings = {
				LIBRARY_SEARCH_PATHS = (
					"$(PROJECT_DIR)/tbb43_20140724oss/lib",
					/usr/local/lib,
					"/usr/local/Cellar/open-mpi/1.8.3/lib",
				);
				PRODUCT_NAME = "$(TARGET_NAME)";
				USER_HEADER_SEARCH_PATHS = "$(PROJECT_DIR)/tbb43_20140724oss/include /usr/local/include";
			};
			name = Debug;
		};
		9F091A721A48190300FD588F /* Release */ = {
			isa = XCBuildConfiguration;
			buildSettings = {
				LIBRARY_SEARCH_PATHS = (
					"$(PROJECT_DIR)/tbb43_20140724oss/lib",
					/usr/local/lib,
					"/usr/local/Cellar/open-mpi/1.8.3/lib",
				);
				PRODUCT_NAME = "$(TARGET_NAME)";
				USER_HEADER_SEARCH_PATHS = "$(PROJECT_DIR)/tbb43_20140724oss/include /usr/local/include";
			};
			name = Release;
		};
/* End XCBuildConfiguration section */

/* Begin XCConfigurationList section */
		9F091A641A48190300FD588F /* Build configuration list for PBXProject "distributed_langford_pairing" */ = {
			isa = XCConfigurationList;
			buildConfigurations = (
				9F091A6E1A48190300FD588F /* Debug */,
				9F091A6F1A48190300FD588F /* Release */,
			);
			defaultConfigurationIsVisible = 0;
			defaultConfigurationName = Release;
		};
		9F091A701A48190300FD588F /* Build configuration list for PBXNativeTarget "distributed_langford_pairing" */ = {
			isa = XCConfigurationList;
			buildConfigurations = (
				9F091A711A48190300FD588F /* Debug */,
				9F091A721A48190300FD588F /* Release */,
			);
			defaultConfigurationIsVisible = 0;
			defaultConfigurationName = Release;
		};
/* End XCConfigurationList section */
	};
	rootObject = 9F091A611A48190300FD588F /* Project object */;
}
